
Microsoft Visual Studio Solution File, Format Version 12.00
# Visual Studio Version 17
VisualStudioVersion = 17.11.35222.181
MinimumVisualStudioVersion = 10.0.40219.1
Project("{8BC9CEB8-8B4A-11D0-8D11-00A0C91BC942}") = "Project1", "Project1\Project1.vcxproj", "{DB299097-19CB-44F6-A860-0FB4A54BE9E5}"
EndProject
Project("{8BC9CEB8-8B4A-11D0-8D11-00A0C91BC942}") = "Test", "Test\Test.vcxproj", "{2CCA0A54-BB6B-457B-B440-66CECE14EACE}"
EndProject
Global
	GlobalSection(SolutionConfigurationPlatforms) = preSolution
		Debug|x64 = Debug|x64
		Debug|x86 = Debug|x86
		Release|x64 = Release|x64
		Release|x86 = Release|x86
	EndGlobalSection
	GlobalSection(ProjectConfigurationPlatforms) = postSolution
		{DB299097-19CB-44F6-A860-0FB4A54BE9E5}.Debug|x64.ActiveCfg = Debug|x64
		{DB299097-19CB-44F6-A860-0FB4A54BE9E5}.Debug|x64.Build.0 = Debug|x64
		{DB299097-19CB-44F6-A860-0FB4A54BE9E5}.Debug|x86.ActiveCfg = Debug|Win32
		{DB299097-19CB-44F6-A860-0FB4A54BE9E5}.Debug|x86.Build.0 = Debug|Win32
		{DB299097-19CB-44F6-A860-0FB4A54BE9E5}.Release|x64.ActiveCfg = Release|x64
		{DB299097-19CB-44F6-A860-0FB4A54BE9E5}.Release|x64.Build.0 = Release|x64
		{DB299097-19CB-44F6-A860-0FB4A54BE9E5}.Release|x86.ActiveCfg = Release|Win32
		{DB299097-19CB-44F6-A860-0FB4A54BE9E5}.Release|x86.Build.0 = Release|Win32
		{2CCA0A54-BB6B-457B-B440-66CECE14EACE}.Debug|x64.ActiveCfg = Debug|x64
		{2CCA0A54-BB6B-457B-B440-66CECE14EACE}.Debug|x64.Build.0 = Debug|x64
		{2CCA0A54-BB6B-457B-B440-66CECE14EACE}.Debug|x86.ActiveCfg = Debug|Win32
		{2CCA0A54-BB6B-457B-B440-66CECE14EACE}.Debug|x86.Build.0 = Debug|Win32
		{2CCA0A54-BB6B-457B-B440-66CECE14EACE}.Release|x64.ActiveCfg = Release|x64
		{2CCA0A54-BB6B-457B-B440-66CECE14EACE}.Release|x64.Build.0 = Release|x64
		{2CCA0A54-BB6B-457B-B440-66CECE14EACE}.Release|x86.ActiveCfg = Release|Win32
		{2CCA0A54-BB6B-457B-B440-66CECE14EACE}.Release|x86.Build.0 = Release|Win32
	EndGlobalSection
	GlobalSection(SolutionProperties) = preSolution
		HideSolutionNode = FALSE
	EndGlobalSection
	GlobalSection(ExtensibilityGlobals) = postSolution
		SolutionGuid = {B5D2428C-B547-4741-AFCB-5AEBFC8A6A0D}
	EndGlobalSection
EndGlobal
